{
  "name": "stringsanity",
  "version": "1.0.0",
  "lockfileVersion": 2,
  "requires": true,
  "packages": {
    "": {
      "name": "stringsanity",
      "version": "1.0.0",
      "license": "ISC",
      "dependencies": {
        "i18n-strings-files": "^2.0.0",
        "openai": "^6.1.0"
      }
    },
    "node_modules/i18n-strings-files": {
      "version": "2.0.0",
      "resolved": "https://registry.npmjs.org/i18n-strings-files/-/i18n-strings-files-2.0.0.tgz",
      "integrity": "sha512-0Ii7DcVmoPscrzDAEsIvQuBalmwkEgc60oGg8FcdMq1Da/paov0mpRZGqEnVa3Hv8hBMYmHP7JnXrB7jtB3NjA==",
      "dependencies": {
        "iconv": "^3.0.1"
      },
      "engines": {
        "node": ">=14.0.0"
      }
    },
    "node_modules/iconv": {
      "version": "3.0.1",
      "resolved": "https://registry.npmjs.org/iconv/-/iconv-3.0.1.tgz",
      "integrity": "sha512-lJnFLxVc0d82R7GfU7a9RujKVUQ3Eee19tPKWZWBJtAEGRHVEyFzCtbNl3GPKuDnHBBRT4/nDS4Ru9AIDT72qA==",
      "hasInstallScript": true,
      "engines": {
        "node": ">=10.0.0"
      }
    },
    "node_modules/openai": {
      "version": "6.1.0",
      "resolved": "https://registry.npmjs.org/openai/-/openai-6.1.0.tgz",
      "integrity": "sha512-5sqb1wK67HoVgGlsPwcH2bUbkg66nnoIYKoyV9zi5pZPqh7EWlmSrSDjAh4O5jaIg/0rIlcDKBtWvZBuacmGZg==",
      "license": "Apache-2.0",
      "bin": {
        "openai": "bin/cli"
      },
      "peerDependencies": {
        "ws": "^8.18.0",
        "zod": "^3.25 || ^4.0"
      },
      "peerDependenciesMeta": {
        "ws": {
          "optional": true
        },
        "zod": {
          "optional": true
        }
      }
    }
  },
  "dependencies": {
    "i18n-strings-files": {
      "version": "2.0.0",
      "resolved": "https://registry.npmjs.org/i18n-strings-files/-/i18n-strings-files-2.0.0.tgz",
      "integrity": "sha512-0Ii7DcVmoPscrzDAEsIvQuBalmwkEgc60oGg8FcdMq1Da/paov0mpRZGqEnVa3Hv8hBMYmHP7JnXrB7jtB3NjA==",
      "requires": {
        "iconv": "^3.0.1"
      }
    },
    "iconv": {
      "version": "3.0.1",
      "resolved": "https://registry.npmjs.org/iconv/-/iconv-3.0.1.tgz",
      "integrity": "sha512-lJnFLxVc0d82R7GfU7a9RujKVUQ3Eee19tPKWZWBJtAEGRHVEyFzCtbNl3GPKuDnHBBRT4/nDS4Ru9AIDT72qA=="
    },
    "openai": {
      "version": "6.1.0",
      "resolved": "https://registry.npmjs.org/openai/-/openai-6.1.0.tgz",
      "integrity": "sha512-5sqb1wK67HoVgGlsPwcH2bUbkg66nnoIYKoyV9zi5pZPqh7EWlmSrSDjAh4O5jaIg/0rIlcDKBtWvZBuacmGZg==",
      "requires": {}
    }
  }
}
